
Microsoft Visual Studio Solution File, Format Version 12.00
# Visual Studio Version 17
VisualStudioVersion = 17.13.35825.156
MinimumVisualStudioVersion = 10.0.40219.1
Project("{FAE04EC0-301F-11D3-BF4B-00C04F79EFBC}") = "CS_Lab1", "CS_Lab1\CS_Lab1.csproj", "{4AD0B7CB-5D58-4E81-88DD-0C4771DABC92}"
EndProject
Project("{FAE04EC0-301F-11D3-BF4B-00C04F79EFBC}") = "CS_Lab2", "CS_Lab2\CS_Lab2.csproj", "{F840669A-3E0D-41F6-BF13-5FB7D393671D}"
EndProject
Project("{FAE04EC0-301F-11D3-BF4B-00C04F79EFBC}") = "CS_Lab3", "CS_Lab3\CS_Lab3.csproj", "{6C043780-3B7B-4381-B4AD-D2894AE8B520}"
EndProject
Project("{FAE04EC0-301F-11D3-BF4B-00C04F79EFBC}") = "CS_Lab5", "CS_Lab5\CS_Lab5.csproj", "{D417B375-D779-49E4-85BB-B4C5EC9A5912}"
EndProject
Global
	GlobalSection(SolutionConfigurationPlatforms) = preSolution
		Debug|Any CPU = Debug|Any CPU
		Release|Any CPU = Release|Any CPU
	EndGlobalSection
	GlobalSection(ProjectConfigurationPlatforms) = postSolution
		{4AD0B7CB-5D58-4E81-88DD-0C4771DABC92}.Debug|Any CPU.ActiveCfg = Debug|Any CPU
		{4AD0B7CB-5D58-4E81-88DD-0C4771DABC92}.Debug|Any CPU.Build.0 = Debug|Any CPU
		{4AD0B7CB-5D58-4E81-88DD-0C4771DABC92}.Release|Any CPU.ActiveCfg = Release|Any CPU
		{4AD0B7CB-5D58-4E81-88DD-0C4771DABC92}.Release|Any CPU.Build.0 = Release|Any CPU
		{F840669A-3E0D-41F6-BF13-5FB7D393671D}.Debug|Any CPU.ActiveCfg = Debug|Any CPU
		{F840669A-3E0D-41F6-BF13-5FB7D393671D}.Debug|Any CPU.Build.0 = Debug|Any CPU
		{F840669A-3E0D-41F6-BF13-5FB7D393671D}.Release|Any CPU.ActiveCfg = Release|Any CPU
		{F840669A-3E0D-41F6-BF13-5FB7D393671D}.Release|Any CPU.Build.0 = Release|Any CPU
		{6C043780-3B7B-4381-B4AD-D2894AE8B520}.Debug|Any CPU.ActiveCfg = Debug|Any CPU
		{6C043780-3B7B-4381-B4AD-D2894AE8B520}.Debug|Any CPU.Build.0 = Debug|Any CPU
		{6C043780-3B7B-4381-B4AD-D2894AE8B520}.Release|Any CPU.ActiveCfg = Release|Any CPU
		{6C043780-3B7B-4381-B4AD-D2894AE8B520}.Release|Any CPU.Build.0 = Release|Any CPU
		{D417B375-D779-49E4-85BB-B4C5EC9A5912}.Debug|Any CPU.ActiveCfg = Debug|Any CPU
		{D417B375-D779-49E4-85BB-B4C5EC9A5912}.Debug|Any CPU.Build.0 = Debug|Any CPU
		{D417B375-D779-49E4-85BB-B4C5EC9A5912}.Release|Any CPU.ActiveCfg = Release|Any CPU
		{D417B375-D779-49E4-85BB-B4C5EC9A5912}.Release|Any CPU.Build.0 = Release|Any CPU
	EndGlobalSection
	GlobalSection(SolutionProperties) = preSolution
		HideSolutionNode = FALSE
	EndGlobalSection
	GlobalSection(ExtensibilityGlobals) = postSolution
		SolutionGuid = {D6E2396F-939D-4905-A68A-88EE28B4C6DC}
	EndGlobalSection
EndGlobal
